
Microsoft Visual Studio Solution File, Format Version 12.00
# Visual Studio Version 16
VisualStudioVersion = 16.0.30114.105
MinimumVisualStudioVersion = 10.0.40219.1
Project("{2150E333-8FDC-42A3-9474-1A3956D46DE8}") = "src", "src", "{1907D1B6-D444-4503-912D-ADF851D7B3EF}"
EndProject
Project("{2150E333-8FDC-42A3-9474-1A3956D46DE8}") = "Modules", "Modules", "{15CEF5CB-A683-4314-91ED-25A3EAFC1FB2}"
EndProject
Project("{2150E333-8FDC-42A3-9474-1A3956D46DE8}") = "Core", "Core", "{E411F082-E8EB-4737-AEBC-C02FA121B1C9}"
EndProject
Project("{FAE04EC0-301F-11D3-BF4B-00C04F79EFBC}") = "FastErp.Modules.Core", "src\Modules\Core\FastErp.Modules.Core\FastErp.Modules.Core.csproj", "{3FB55124-5801-4134-9339-77740C77CFC4}"
EndProject
Project("{2150E333-8FDC-42A3-9474-1A3956D46DE8}") = "Infrastructure", "Infrastructure", "{E0DA11C5-1849-406A-98AF-78EBF1E07302}"
EndProject
Project("{FAE04EC0-301F-11D3-BF4B-00C04F79EFBC}") = "FastErp.Infrastructure", "src\Infrastructure\FastErp.Infrastructure\FastErp.Infrastructure.csproj", "{90E1ACA4-11CC-4B26-8C84-DD6219F1C957}"
EndProject
Project("{2150E333-8FDC-42A3-9474-1A3956D46DE8}") = "Web Api", "Web Api", "{E074D7E6-7E50-403A-86C9-58CC9ABB76CE}"
EndProject
Project("{2150E333-8FDC-42A3-9474-1A3956D46DE8}") = "Core", "Core", "{C06E6A4B-8899-414E-87F1-A738B406F7DE}"
EndProject
Project("{FAE04EC0-301F-11D3-BF4B-00C04F79EFBC}") = "FastErp.WebApi.Core", "src\Web Api\Core\FastErp.WebApi.Core\FastErp.WebApi.Core.csproj", "{D0DD80EA-E2AC-4913-A3E7-A91F17781540}"
EndProject
Project("{2150E333-8FDC-42A3-9474-1A3956D46DE8}") = "Domain", "Domain", "{98352317-220B-4EEB-865C-7A475F923D35}"
EndProject
Project("{FAE04EC0-301F-11D3-BF4B-00C04F79EFBC}") = "FastErp.Domain", "src\Domain\FastErp.Domain\FastErp.Domain.csproj", "{E96E647E-3C07-4060-BC84-AC7EF29CD74D}"
EndProject
Project("{2150E333-8FDC-42A3-9474-1A3956D46DE8}") = "Application", "Application", "{7C49EBD8-35F0-407D-AC0C-E75B6B257F4C}"
EndProject
Project("{FAE04EC0-301F-11D3-BF4B-00C04F79EFBC}") = "FastErp.Application", "src\Application\FastErp.Application\FastErp.Application.csproj", "{EA2A620E-4EF3-4E58-9856-8D0854E5F002}"
EndProject
Project("{2150E333-8FDC-42A3-9474-1A3956D46DE8}") = "API Rest", "API Rest", "{A367B8C2-B7E6-43E2-8F2F-1262289B0C87}"
EndProject
Project("{FAE04EC0-301F-11D3-BF4B-00C04F79EFBC}") = "FastErp.Services.Api", "src\API Rest\FastErp.Services.Api\FastErp.Services.Api.csproj", "{EFFF499C-3386-4CCE-BD4E-19F327EA8A80}"
EndProject
Global
	GlobalSection(SolutionConfigurationPlatforms) = preSolution
		Debug|Any CPU = Debug|Any CPU
		Debug|x64 = Debug|x64
		Debug|x86 = Debug|x86
		Release|Any CPU = Release|Any CPU
		Release|x64 = Release|x64
		Release|x86 = Release|x86
	EndGlobalSection
	GlobalSection(SolutionProperties) = preSolution
		HideSolutionNode = FALSE
	EndGlobalSection
	GlobalSection(ProjectConfigurationPlatforms) = postSolution
		{3FB55124-5801-4134-9339-77740C77CFC4}.Debug|Any CPU.ActiveCfg = Debug|Any CPU
		{3FB55124-5801-4134-9339-77740C77CFC4}.Debug|Any CPU.Build.0 = Debug|Any CPU
		{3FB55124-5801-4134-9339-77740C77CFC4}.Debug|x64.ActiveCfg = Debug|Any CPU
		{3FB55124-5801-4134-9339-77740C77CFC4}.Debug|x64.Build.0 = Debug|Any CPU
		{3FB55124-5801-4134-9339-77740C77CFC4}.Debug|x86.ActiveCfg = Debug|Any CPU
		{3FB55124-5801-4134-9339-77740C77CFC4}.Debug|x86.Build.0 = Debug|Any CPU
		{3FB55124-5801-4134-9339-77740C77CFC4}.Release|Any CPU.ActiveCfg = Release|Any CPU
		{3FB55124-5801-4134-9339-77740C77CFC4}.Release|Any CPU.Build.0 = Release|Any CPU
		{3FB55124-5801-4134-9339-77740C77CFC4}.Release|x64.ActiveCfg = Release|Any CPU
		{3FB55124-5801-4134-9339-77740C77CFC4}.Release|x64.Build.0 = Release|Any CPU
		{3FB55124-5801-4134-9339-77740C77CFC4}.Release|x86.ActiveCfg = Release|Any CPU
		{3FB55124-5801-4134-9339-77740C77CFC4}.Release|x86.Build.0 = Release|Any CPU
		{90E1ACA4-11CC-4B26-8C84-DD6219F1C957}.Debug|Any CPU.ActiveCfg = Debug|Any CPU
		{90E1ACA4-11CC-4B26-8C84-DD6219F1C957}.Debug|Any CPU.Build.0 = Debug|Any CPU
		{90E1ACA4-11CC-4B26-8C84-DD6219F1C957}.Debug|x64.ActiveCfg = Debug|Any CPU
		{90E1ACA4-11CC-4B26-8C84-DD6219F1C957}.Debug|x64.Build.0 = Debug|Any CPU
		{90E1ACA4-11CC-4B26-8C84-DD6219F1C957}.Debug|x86.ActiveCfg = Debug|Any CPU
		{90E1ACA4-11CC-4B26-8C84-DD6219F1C957}.Debug|x86.Build.0 = Debug|Any CPU
		{90E1ACA4-11CC-4B26-8C84-DD6219F1C957}.Release|Any CPU.ActiveCfg = Release|Any CPU
		{90E1ACA4-11CC-4B26-8C84-DD6219F1C957}.Release|Any CPU.Build.0 = Release|Any CPU
		{90E1ACA4-11CC-4B26-8C84-DD6219F1C957}.Release|x64.ActiveCfg = Release|Any CPU
		{90E1ACA4-11CC-4B26-8C84-DD6219F1C957}.Release|x64.Build.0 = Release|Any CPU
		{90E1ACA4-11CC-4B26-8C84-DD6219F1C957}.Release|x86.ActiveCfg = Release|Any CPU
		{90E1ACA4-11CC-4B26-8C84-DD6219F1C957}.Release|x86.Build.0 = Release|Any CPU
		{D0DD80EA-E2AC-4913-A3E7-A91F17781540}.Debug|Any CPU.ActiveCfg = Debug|Any CPU
		{D0DD80EA-E2AC-4913-A3E7-A91F17781540}.Debug|Any CPU.Build.0 = Debug|Any CPU
		{D0DD80EA-E2AC-4913-A3E7-A91F17781540}.Debug|x64.ActiveCfg = Debug|Any CPU
		{D0DD80EA-E2AC-4913-A3E7-A91F17781540}.Debug|x64.Build.0 = Debug|Any CPU
		{D0DD80EA-E2AC-4913-A3E7-A91F17781540}.Debug|x86.ActiveCfg = Debug|Any CPU
		{D0DD80EA-E2AC-4913-A3E7-A91F17781540}.Debug|x86.Build.0 = Debug|Any CPU
		{D0DD80EA-E2AC-4913-A3E7-A91F17781540}.Release|Any CPU.ActiveCfg = Release|Any CPU
		{D0DD80EA-E2AC-4913-A3E7-A91F17781540}.Release|Any CPU.Build.0 = Release|Any CPU
		{D0DD80EA-E2AC-4913-A3E7-A91F17781540}.Release|x64.ActiveCfg = Release|Any CPU
		{D0DD80EA-E2AC-4913-A3E7-A91F17781540}.Release|x64.Build.0 = Release|Any CPU
		{D0DD80EA-E2AC-4913-A3E7-A91F17781540}.Release|x86.ActiveCfg = Release|Any CPU
		{D0DD80EA-E2AC-4913-A3E7-A91F17781540}.Release|x86.Build.0 = Release|Any CPU
		{E96E647E-3C07-4060-BC84-AC7EF29CD74D}.Debug|Any CPU.ActiveCfg = Debug|Any CPU
		{E96E647E-3C07-4060-BC84-AC7EF29CD74D}.Debug|Any CPU.Build.0 = Debug|Any CPU
		{E96E647E-3C07-4060-BC84-AC7EF29CD74D}.Debug|x64.ActiveCfg = Debug|Any CPU
		{E96E647E-3C07-4060-BC84-AC7EF29CD74D}.Debug|x64.Build.0 = Debug|Any CPU
		{E96E647E-3C07-4060-BC84-AC7EF29CD74D}.Debug|x86.ActiveCfg = Debug|Any CPU
		{E96E647E-3C07-4060-BC84-AC7EF29CD74D}.Debug|x86.Build.0 = Debug|Any CPU
		{E96E647E-3C07-4060-BC84-AC7EF29CD74D}.Release|Any CPU.ActiveCfg = Release|Any CPU
		{E96E647E-3C07-4060-BC84-AC7EF29CD74D}.Release|Any CPU.Build.0 = Release|Any CPU
		{E96E647E-3C07-4060-BC84-AC7EF29CD74D}.Release|x64.ActiveCfg = Release|Any CPU
		{E96E647E-3C07-4060-BC84-AC7EF29CD74D}.Release|x64.Build.0 = Release|Any CPU
		{E96E647E-3C07-4060-BC84-AC7EF29CD74D}.Release|x86.ActiveCfg = Release|Any CPU
		{E96E647E-3C07-4060-BC84-AC7EF29CD74D}.Release|x86.Build.0 = Release|Any CPU
		{EA2A620E-4EF3-4E58-9856-8D0854E5F002}.Debug|Any CPU.ActiveCfg = Debug|Any CPU
		{EA2A620E-4EF3-4E58-9856-8D0854E5F002}.Debug|Any CPU.Build.0 = Debug|Any CPU
		{EA2A620E-4EF3-4E58-9856-8D0854E5F002}.Debug|x64.ActiveCfg = Debug|Any CPU
		{EA2A620E-4EF3-4E58-9856-8D0854E5F002}.Debug|x64.Build.0 = Debug|Any CPU
		{EA2A620E-4EF3-4E58-9856-8D0854E5F002}.Debug|x86.ActiveCfg = Debug|Any CPU
		{EA2A620E-4EF3-4E58-9856-8D0854E5F002}.Debug|x86.Build.0 = Debug|Any CPU
		{EA2A620E-4EF3-4E58-9856-8D0854E5F002}.Release|Any CPU.ActiveCfg = Release|Any CPU
		{EA2A620E-4EF3-4E58-9856-8D0854E5F002}.Release|Any CPU.Build.0 = Release|Any CPU
		{EA2A620E-4EF3-4E58-9856-8D0854E5F002}.Release|x64.ActiveCfg = Release|Any CPU
		{EA2A620E-4EF3-4E58-9856-8D0854E5F002}.Release|x64.Build.0 = Release|Any CPU
		{EA2A620E-4EF3-4E58-9856-8D0854E5F002}.Release|x86.ActiveCfg = Release|Any CPU
		{EA2A620E-4EF3-4E58-9856-8D0854E5F002}.Release|x86.Build.0 = Release|Any CPU
		{EFFF499C-3386-4CCE-BD4E-19F327EA8A80}.Debug|Any CPU.ActiveCfg = Debug|Any CPU
		{EFFF499C-3386-4CCE-BD4E-19F327EA8A80}.Debug|Any CPU.Build.0 = Debug|Any CPU
		{EFFF499C-3386-4CCE-BD4E-19F327EA8A80}.Debug|x64.ActiveCfg = Debug|Any CPU
		{EFFF499C-3386-4CCE-BD4E-19F327EA8A80}.Debug|x64.Build.0 = Debug|Any CPU
		{EFFF499C-3386-4CCE-BD4E-19F327EA8A80}.Debug|x86.ActiveCfg = Debug|Any CPU
		{EFFF499C-3386-4CCE-BD4E-19F327EA8A80}.Debug|x86.Build.0 = Debug|Any CPU
		{EFFF499C-3386-4CCE-BD4E-19F327EA8A80}.Release|Any CPU.ActiveCfg = Release|Any CPU
		{EFFF499C-3386-4CCE-BD4E-19F327EA8A80}.Release|Any CPU.Build.0 = Release|Any CPU
		{EFFF499C-3386-4CCE-BD4E-19F327EA8A80}.Release|x64.ActiveCfg = Release|Any CPU
		{EFFF499C-3386-4CCE-BD4E-19F327EA8A80}.Release|x64.Build.0 = Release|Any CPU
		{EFFF499C-3386-4CCE-BD4E-19F327EA8A80}.Release|x86.ActiveCfg = Release|Any CPU
		{EFFF499C-3386-4CCE-BD4E-19F327EA8A80}.Release|x86.Build.0 = Release|Any CPU
	EndGlobalSection
	GlobalSection(NestedProjects) = preSolution
		{15CEF5CB-A683-4314-91ED-25A3EAFC1FB2} = {1907D1B6-D444-4503-912D-ADF851D7B3EF}
		{E411F082-E8EB-4737-AEBC-C02FA121B1C9} = {15CEF5CB-A683-4314-91ED-25A3EAFC1FB2}
		{3FB55124-5801-4134-9339-77740C77CFC4} = {E411F082-E8EB-4737-AEBC-C02FA121B1C9}
		{E0DA11C5-1849-406A-98AF-78EBF1E07302} = {1907D1B6-D444-4503-912D-ADF851D7B3EF}
		{90E1ACA4-11CC-4B26-8C84-DD6219F1C957} = {E0DA11C5-1849-406A-98AF-78EBF1E07302}
		{E074D7E6-7E50-403A-86C9-58CC9ABB76CE} = {1907D1B6-D444-4503-912D-ADF851D7B3EF}
		{C06E6A4B-8899-414E-87F1-A738B406F7DE} = {E074D7E6-7E50-403A-86C9-58CC9ABB76CE}
		{D0DD80EA-E2AC-4913-A3E7-A91F17781540} = {C06E6A4B-8899-414E-87F1-A738B406F7DE}
		{98352317-220B-4EEB-865C-7A475F923D35} = {1907D1B6-D444-4503-912D-ADF851D7B3EF}
		{E96E647E-3C07-4060-BC84-AC7EF29CD74D} = {98352317-220B-4EEB-865C-7A475F923D35}
		{7C49EBD8-35F0-407D-AC0C-E75B6B257F4C} = {1907D1B6-D444-4503-912D-ADF851D7B3EF}
		{EA2A620E-4EF3-4E58-9856-8D0854E5F002} = {7C49EBD8-35F0-407D-AC0C-E75B6B257F4C}
		{A367B8C2-B7E6-43E2-8F2F-1262289B0C87} = {1907D1B6-D444-4503-912D-ADF851D7B3EF}
		{EFFF499C-3386-4CCE-BD4E-19F327EA8A80} = {A367B8C2-B7E6-43E2-8F2F-1262289B0C87}
	EndGlobalSection
EndGlobal
